
Microsoft Visual Studio Solution File, Format Version 12.00
# Visual Studio Version 17
VisualStudioVersion = 17.5.33530.505
MinimumVisualStudioVersion = 10.0.40219.1
Project("{FAE04EC0-301F-11D3-BF4B-00C04F79EFBC}") = "WindowsFormsApp4", "WindowsFormsApp4.csproj", "{4531FAC7-2DA5-4638-A115-0D43BE687049}"
EndProject
Global
	GlobalSection(SolutionConfigurationPlatforms) = preSolution
		Debug|Any CPU = Debug|Any CPU
		Debug|x64 = Debug|x64
		Debug|x86 = Debug|x86
		Release|Any CPU = Release|Any CPU
		Release|x64 = Release|x64
		Release|x86 = Release|x86
	EndGlobalSection
	GlobalSection(ProjectConfigurationPlatforms) = postSolution
		{4531FAC7-2DA5-4638-A115-0D43BE687049}.Debug|Any CPU.ActiveCfg = Debug|x64
		{4531FAC7-2DA5-4638-A115-0D43BE687049}.Debug|Any CPU.Build.0 = Debug|x64
		{4531FAC7-2DA5-4638-A115-0D43BE687049}.Debug|x64.ActiveCfg = Release|x64
		{4531FAC7-2DA5-4638-A115-0D43BE687049}.Debug|x64.Build.0 = Release|x64
		{4531FAC7-2DA5-4638-A115-0D43BE687049}.Debug|x86.ActiveCfg = Debug|x64
		{4531FAC7-2DA5-4638-A115-0D43BE687049}.Debug|x86.Build.0 = Debug|x64
		{4531FAC7-2DA5-4638-A115-0D43BE687049}.Release|Any CPU.ActiveCfg = Release|Any CPU
		{4531FAC7-2DA5-4638-A115-0D43BE687049}.Release|Any CPU.Build.0 = Release|Any CPU
		{4531FAC7-2DA5-4638-A115-0D43BE687049}.Release|x64.ActiveCfg = Release|x64
		{4531FAC7-2DA5-4638-A115-0D43BE687049}.Release|x64.Build.0 = Release|x64
		{4531FAC7-2DA5-4638-A115-0D43BE687049}.Release|x86.ActiveCfg = Release|x86
		{4531FAC7-2DA5-4638-A115-0D43BE687049}.Release|x86.Build.0 = Release|x86
	EndGlobalSection
	GlobalSection(SolutionProperties) = preSolution
		HideSolutionNode = FALSE
	EndGlobalSection
	GlobalSection(ExtensibilityGlobals) = postSolution
		SolutionGuid = {39663B9A-227D-4ACD-9602-81708A00A75A}
	EndGlobalSection
EndGlobal
